{
  "name": "pokedex",
  "lockfileVersion": 3,
  "requires": true,
  "packages": {
    "": {
      "dependencies": {
        "nes.css": "^2.3.0",
        "snes.css": "^1.0.1"
      }
    },
    "node_modules/nes.css": {
      "version": "2.3.0",
      "resolved": "https://registry.npmjs.org/nes.css/-/nes.css-2.3.0.tgz",
      "integrity": "sha512-lCFZs9vj3f5RVdbvTL/kSxiYsOARwSeAdJaMNo+bCgmWOO9x8ay7QpT4yQVKHy3r5Dttzd0uqVdpt3fvvx6EpQ==",
      "engines": {
        "node": "10.x"
      }
    },
    "node_modules/snes.css": {
      "version": "1.0.1",
      "resolved": "https://registry.npmjs.org/snes.css/-/snes.css-1.0.1.tgz",
      "integrity": "sha512-/QmQt8RgFkSJLq15OBnmqud3Ra+ms9IJyH/x2L6eNIlGHo5BWyLQJP3BsH6L947UPTfbddgVrsRJ88IsXk8c5Q==",
      "funding": {
        "type": "individual",
        "url": "https://www.paypal.com/donate/?hosted_button_id=RKK3G3FWEAMLU"
      }
    }
  }
}
